{
  "name": "hello-keto",
  "lockfileVersion": 2,
  "requires": true,
  "packages": {
    "": {
      "devDependencies": {
        "@ory/keto-namespace-types": "^0.10.0-alpha.0",
        "typescript": "^4.8.4"
      }
    },
    "node_modules/@ory/keto-namespace-types": {
      "version": "0.10.0-alpha.0",
      "resolved": "https://registry.npmjs.org/@ory/keto-namespace-types/-/keto-namespace-types-0.10.0-alpha.0.tgz",
      "integrity": "sha512-7EhSFajvLVQhtU2f+sIQt41kzAK/t85kklGdtsloP0S4Hw3P26/1YlARRj0XIiS8IV5pRlZ0GEBwrIKFL41A/Q==",
      "dev": true
    },
    "node_modules/typescript": {
      "version": "4.8.4",
      "resolved": "https://registry.npmjs.org/typescript/-/typescript-4.8.4.tgz",
      "integrity": "sha512-QCh+85mCy+h0IGff8r5XWzOVSbBO+KfeYrMQh7NJ58QujwcE22u+NUSmUxqF+un70P9GXKxa2HCNiTTMJknyjQ==",
      "dev": true,
      "bin": {
        "tsc": "bin/tsc",
        "tsserver": "bin/tsserver"
      },
      "engines": {
        "node": ">=4.2.0"
      }
    }
  },
  "dependencies": {
    "@ory/keto-namespace-types": {
      "version": "0.10.0-alpha.0",
      "resolved": "https://registry.npmjs.org/@ory/keto-namespace-types/-/keto-namespace-types-0.10.0-alpha.0.tgz",
      "integrity": "sha512-7EhSFajvLVQhtU2f+sIQt41kzAK/t85kklGdtsloP0S4Hw3P26/1YlARRj0XIiS8IV5pRlZ0GEBwrIKFL41A/Q==",
      "dev": true
    },
    "typescript": {
      "version": "4.8.4",
      "resolved": "https://registry.npmjs.org/typescript/-/typescript-4.8.4.tgz",
      "integrity": "sha512-QCh+85mCy+h0IGff8r5XWzOVSbBO+KfeYrMQh7NJ58QujwcE22u+NUSmUxqF+un70P9GXKxa2HCNiTTMJknyjQ==",
      "dev": true
    }
  }
}
